// !$*UTF8*$!
{
	archiveVersion = 1;
	classes = {
	};
	objectVersion = 50;
	objects = {

/* Begin PBXBuildFile section */
		070EF0082143A5F600B6945E /* main.swift in Sources */ = {isa = PBXBuildFile; fileRef = 070EF0072143A5F600B6945E /* main.swift */; };
		070EF0102143A62200B6945E /* Vehicle.swift in Sources */ = {isa = PBXBuildFile; fileRef = 070EF00F2143A62200B6945E /* Vehicle.swift */; };
		071103BA21441DCE00C29FEA /* Car.swift in Sources */ = {isa = PBXBuildFile; fileRef = 071103B921441DCE00C29FEA /* Car.swift */; };
		071103BC21441DE500C29FEA /* Motorcycle.swift in Sources */ = {isa = PBXBuildFile; fileRef = 071103BB21441DE500C29FEA /* Motorcycle.swift */; };
		071103BE21441DFA00C29FEA /* TypeOfSeat.swift in Sources */ = {isa = PBXBuildFile; fileRef = 071103BD21441DFA00C29FEA /* TypeOfSeat.swift */; };
		071103C021441E0A00C29FEA /* Employee.swift in Sources */ = {isa = PBXBuildFile; fileRef = 071103BF21441E0A00C29FEA /* Employee.swift */; };
		071103C221441E1D00C29FEA /* PartTime.swift in Sources */ = {isa = PBXBuildFile; fileRef = 071103C121441E1D00C29FEA /* PartTime.swift */; };
		071103C421441E3700C29FEA /* Intern.swift in Sources */ = {isa = PBXBuildFile; fileRef = 071103C321441E3700C29FEA /* Intern.swift */; };
		071103C621441E4600C29FEA /* FullTime.swift in Sources */ = {isa = PBXBuildFile; fileRef = 071103C521441E4600C29FEA /* FullTime.swift */; };
		071103C821441E5700C29FEA /* CommissionBasedPartTime.swift in Sources */ = {isa = PBXBuildFile; fileRef = 071103C721441E5700C29FEA /* CommissionBasedPartTime.swift */; };
		071103CA21441E6800C29FEA /* FixedBasedPartTime.swift in Sources */ = {isa = PBXBuildFile; fileRef = 071103C921441E6800C29FEA /* FixedBasedPartTime.swift */; };
		071103CC21441E8100C29FEA /* IPrintable.swift in Sources */ = {isa = PBXBuildFile; fileRef = 071103CB21441E8100C29FEA /* IPrintable.swift */; };
		071FED1C2144D8A200DB8A5F /* JSON.json in CopyFiles */ = {isa = PBXBuildFile; fileRef = 071FED1A2144CBB200DB8A5F /* JSON.json */; };
		071FED202144DE9C00DB8A5F /* Utils.swift in Sources */ = {isa = PBXBuildFile; fileRef = 071FED1F2144DE9C00DB8A5F /* Utils.swift */; };
/* End PBXBuildFile section */

/* Begin PBXCopyFilesBuildPhase section */
		070EF0022143A5F600B6945E /* CopyFiles */ = {
			isa = PBXCopyFilesBuildPhase;
			buildActionMask = 2147483647;
			dstPath = /usr/share/man/man1/;
			dstSubfolderSpec = 0;
			files = (
				071FED1C2144D8A200DB8A5F /* JSON.json in CopyFiles */,
			);
			runOnlyForDeploymentPostprocessing = 1;
		};
/* End PBXCopyFilesBuildPhase section */

/* Begin PBXFileReference section */
		070EF0042143A5F600B6945E /* swift_assigment_01 */ = {isa = PBXFileReference; explicitFileType = "compiled.mach-o.executable"; includeInIndex = 0; path = swift_assigment_01; sourceTree = BUILT_PRODUCTS_DIR; };
		070EF0072143A5F600B6945E /* main.swift */ = {isa = PBXFileReference; lastKnownFileType = sourcecode.swift; path = main.swift; sourceTree = "<group>"; };
		070EF00F2143A62200B6945E /* Vehicle.swift */ = {isa = PBXFileReference; lastKnownFileType = sourcecode.swift; path = Vehicle.swift; sourceTree = "<group>"; };
		071103B921441DCE00C29FEA /* Car.swift */ = {isa = PBXFileReference; lastKnownFileType = sourcecode.swift; path = Car.swift; sourceTree = "<group>"; };
		071103BB21441DE500C29FEA /* Motorcycle.swift */ = {isa = PBXFileReference; lastKnownFileType = sourcecode.swift; path = Motorcycle.swift; sourceTree = "<group>"; };
		071103BD21441DFA00C29FEA /* TypeOfSeat.swift */ = {isa = PBXFileReference; lastKnownFileType = sourcecode.swift; path = TypeOfSeat.swift; sourceTree = "<group>"; };
		071103BF21441E0A00C29FEA /* Employee.swift */ = {isa = PBXFileReference; lastKnownFileType = sourcecode.swift; path = Employee.swift; sourceTree = "<group>"; };
		071103C121441E1D00C29FEA /* PartTime.swift */ = {isa = PBXFileReference; lastKnownFileType = sourcecode.swift; path = PartTime.swift; sourceTree = "<group>"; };
		071103C321441E3700C29FEA /* Intern.swift */ = {isa = PBXFileReference; lastKnownFileType = sourcecode.swift; path = Intern.swift; sourceTree = "<group>"; };
		071103C521441E4600C29FEA /* FullTime.swift */ = {isa = PBXFileReference; lastKnownFileType = sourcecode.swift; path = FullTime.swift; sourceTree = "<group>"; };
		071103C721441E5700C29FEA /* CommissionBasedPartTime.swift */ = {isa = PBXFileReference; lastKnownFileType = sourcecode.swift; path = CommissionBasedPartTime.swift; sourceTree = "<group>"; };
		071103C921441E6800C29FEA /* FixedBasedPartTime.swift */ = {isa = PBXFileReference; lastKnownFileType = sourcecode.swift; path = FixedBasedPartTime.swift; sourceTree = "<group>"; };
		071103CB21441E8100C29FEA /* IPrintable.swift */ = {isa = PBXFileReference; lastKnownFileType = sourcecode.swift; path = IPrintable.swift; sourceTree = "<group>"; };
		071FED1A2144CBB200DB8A5F /* JSON.json */ = {isa = PBXFileReference; lastKnownFileType = text.json; path = JSON.json; sourceTree = "<group>"; };
		071FED1F2144DE9C00DB8A5F /* Utils.swift */ = {isa = PBXFileReference; lastKnownFileType = sourcecode.swift; path = Utils.swift; sourceTree = "<group>"; };
/* End PBXFileReference section */

/* Begin PBXFrameworksBuildPhase section */
		070EF0012143A5F600B6945E /* Frameworks */ = {
			isa = PBXFrameworksBuildPhase;
			buildActionMask = 2147483647;
			files = (
			);
			runOnlyForDeploymentPostprocessing = 0;
		};
/* End PBXFrameworksBuildPhase section */

/* Begin PBXGroup section */
		070EEFFB2143A5F600B6945E = {
			isa = PBXGroup;
			children = (
				070EF0062143A5F600B6945E /* swift_assigment_01 */,
				070EF0052143A5F600B6945E /* Products */,
			);
			sourceTree = "<group>";
		};
		070EF0052143A5F600B6945E /* Products */ = {
			isa = PBXGroup;
			children = (
				070EF0042143A5F600B6945E /* swift_assigment_01 */,
			);
			name = Products;
			sourceTree = "<group>";
		};
		070EF0062143A5F600B6945E /* swift_assigment_01 */ = {
			isa = PBXGroup;
			children = (
				071FED1E2144DE8C00DB8A5F /* Functions */,
				071FED192144CB8E00DB8A5F /* Files */,
				070EF00E2143A60B00B6945E /* Domain */,
				070EF0072143A5F600B6945E /* main.swift */,
			);
			path = swift_assigment_01;
			sourceTree = "<group>";
		};
		070EF00E2143A60B00B6945E /* Domain */ = {
			isa = PBXGroup;
			children = (
				070EF00F2143A62200B6945E /* Vehicle.swift */,
				071103B921441DCE00C29FEA /* Car.swift */,
				071103BB21441DE500C29FEA /* Motorcycle.swift */,
				071103BD21441DFA00C29FEA /* TypeOfSeat.swift */,
				071103BF21441E0A00C29FEA /* Employee.swift */,
				071103C121441E1D00C29FEA /* PartTime.swift */,
				071103C321441E3700C29FEA /* Intern.swift */,
				071103C521441E4600C29FEA /* FullTime.swift */,
				071103C721441E5700C29FEA /* CommissionBasedPartTime.swift */,
				071103C921441E6800C29FEA /* FixedBasedPartTime.swift */,
				071103CB21441E8100C29FEA /* IPrintable.swift */,
			);
			path = Domain;
			sourceTree = "<group>";
		};
		071FED192144CB8E00DB8A5F /* Files */ = {
			isa = PBXGroup;
			children = (
				071FED1A2144CBB200DB8A5F /* JSON.json */,
			);
			path = Files;
			sourceTree = "<group>";
		};
		071FED1E2144DE8C00DB8A5F /* Functions */ = {
			isa = PBXGroup;
			children = (
				071FED1F2144DE9C00DB8A5F /* Utils.swift */,
			);
			path = Functions;
			sourceTree = "<group>";
		};
/* End PBXGroup section */

/* Begin PBXNativeTarget section */
		070EF0032143A5F600B6945E /* swift_assigment_01 */ = {
			isa = PBXNativeTarget;
			buildConfigurationList = 070EF00B2143A5F600B6945E /* Build configuration list for PBXNativeTarget "swift_assigment_01" */;
			buildPhases = (
				070EF0002143A5F600B6945E /* Sources */,
				070EF0012143A5F600B6945E /* Frameworks */,
				070EF0022143A5F600B6945E /* CopyFiles */,
			);
			buildRules = (
			);
			dependencies = (
			);
			name = swift_assigment_01;
			productName = swift_assigment_01;
			productReference = 070EF0042143A5F600B6945E /* swift_assigment_01 */;
			productType = "com.apple.product-type.tool";
		};
/* End PBXNativeTarget section */

/* Begin PBXProject section */
		070EEFFC2143A5F600B6945E /* Project object */ = {
			isa = PBXProject;
			attributes = {
				LastSwiftUpdateCheck = 0940;
				LastUpgradeCheck = 0940;
				ORGANIZATIONNAME = "Carlos Jose Bulado";
				TargetAttributes = {
					070EF0032143A5F600B6945E = {
						CreatedOnToolsVersion = 9.4.1;
					};
				};
			};
			buildConfigurationList = 070EEFFF2143A5F600B6945E /* Build configuration list for PBXProject "swift_assigment_01" */;
			compatibilityVersion = "Xcode 9.3";
			developmentRegion = en;
			hasScannedForEncodings = 0;
			knownRegions = (
				en,
			);
			mainGroup = 070EEFFB2143A5F600B6945E;
			productRefGroup = 070EF0052143A5F600B6945E /* Products */;
			projectDirPath = "";
			projectRoot = "";
			targets = (
				070EF0032143A5F600B6945E /* swift_assigment_01 */,
			);
		};
/* End PBXProject section */

/* Begin PBXSourcesBuildPhase section */
		070EF0002143A5F600B6945E /* Sources */ = {
			isa = PBXSourcesBuildPhase;
			buildActionMask = 2147483647;
			files = (
				071103C621441E4600C29FEA /* FullTime.swift in Sources */,
				071103BE21441DFA00C29FEA /* TypeOfSeat.swift in Sources */,
				071103C021441E0A00C29FEA /* Employee.swift in Sources */,
				071103BC21441DE500C29FEA /* Motorcycle.swift in Sources */,
				071103C221441E1D00C29FEA /* PartTime.swift in Sources */,
				071FED202144DE9C00DB8A5F /* Utils.swift in Sources */,
				071103CA21441E6800C29FEA /* FixedBasedPartTime.swift in Sources */,
				070EF0102143A62200B6945E /* Vehicle.swift in Sources */,
				071103C821441E5700C29FEA /* CommissionBasedPartTime.swift in Sources */,
				070EF0082143A5F600B6945E /* main.swift in Sources */,
				071103CC21441E8100C29FEA /* IPrintable.swift in Sources */,
				071103BA21441DCE00C29FEA /* Car.swift in Sources */,
				071103C421441E3700C29FEA /* Intern.swift in Sources */,
			);
			runOnlyForDeploymentPostprocessing = 0;
		};
/* End PBXSourcesBuildPhase section */

/* Begin XCBuildConfiguration section */
		070EF0092143A5F600B6945E /* Debug */ = {
			isa = XCBuildConfiguration;
			buildSettings = {
				ALWAYS_SEARCH_USER_PATHS = NO;
				CLANG_ANALYZER_NONNULL = YES;
				CLANG_ANALYZER_NUMBER_OBJECT_CONVERSION = YES_AGGRESSIVE;
				CLANG_CXX_LANGUAGE_STANDARD = "gnu++14";
				CLANG_CXX_LIBRARY = "libc++";
				CLANG_ENABLE_MODULES = YES;
				CLANG_ENABLE_OBJC_ARC = YES;
				CLANG_ENABLE_OBJC_WEAK = YES;
				CLANG_WARN_BLOCK_CAPTURE_AUTORELEASING = YES;
				CLANG_WARN_BOOL_CONVERSION = YES;
				CLANG_WARN_COMMA = YES;
				CLANG_WARN_CONSTANT_CONVERSION = YES;
				CLANG_WARN_DEPRECATED_OBJC_IMPLEMENTATIONS = YES;
				CLANG_WARN_DIRECT_OBJC_ISA_USAGE = YES_ERROR;
				CLANG_WARN_DOCUMENTATION_COMMENTS = YES;
				CLANG_WARN_EMPTY_BODY = YES;
				CLANG_WARN_ENUM_CONVERSION = YES;
				CLANG_WARN_INFINITE_RECURSION = YES;
				CLANG_WARN_INT_CONVERSION = YES;
				CLANG_WARN_NON_LITERAL_NULL_CONVERSION = YES;
				CLANG_WARN_OBJC_IMPLICIT_RETAIN_SELF = YES;
				CLANG_WARN_OBJC_LITERAL_CONVERSION = YES;
				CLANG_WARN_OBJC_ROOT_CLASS = YES_ERROR;
				CLANG_WARN_RANGE_LOOP_ANALYSIS = YES;
				CLANG_WARN_STRICT_PROTOTYPES = YES;
				CLANG_WARN_SUSPICIOUS_MOVE = YES;
				CLANG_WARN_UNGUARDED_AVAILABILITY = YES_AGGRESSIVE;
				CLANG_WARN_UNREACHABLE_CODE = YES;
				CLANG_WARN__DUPLICATE_METHOD_MATCH = YES;
				CODE_SIGN_IDENTITY = "-";
				COPY_PHASE_STRIP = NO;
				DEBUG_INFORMATION_FORMAT = dwarf;
				ENABLE_STRICT_OBJC_MSGSEND = YES;
				ENABLE_TESTABILITY = YES;
				GCC_C_LANGUAGE_STANDARD = gnu11;
				GCC_DYNAMIC_NO_PIC = NO;
				GCC_NO_COMMON_BLOCKS = YES;
				GCC_OPTIMIZATION_LEVEL = 0;
				GCC_PREPROCESSOR_DEFINITIONS = (
					"DEBUG=1",
					"$(inherited)",
				);
				GCC_WARN_64_TO_32_BIT_CONVERSION = YES;
				GCC_WARN_ABOUT_RETURN_TYPE = YES_ERROR;
				GCC_WARN_UNDECLARED_SELECTOR = YES;
				GCC_WARN_UNINITIALIZED_AUTOS = YES_AGGRESSIVE;
				GCC_WARN_UNUSED_FUNCTION = YES;
				GCC_WARN_UNUSED_VARIABLE = YES;
				MACOSX_DEPLOYMENT_TARGET = 10.13;
				MTL_ENABLE_DEBUG_INFO = YES;
				ONLY_ACTIVE_ARCH = YES;
				SDKROOT = macosx;
				SWIFT_ACTIVE_COMPILATION_CONDITIONS = DEBUG;
				SWIFT_OPTIMIZATION_LEVEL = "-Onone";
			};
			name = Debug;
		};
		070EF00A2143A5F600B6945E /* Release */ = {
			isa = XCBuildConfiguration;
			buildSettings = {
				ALWAYS_SEARCH_USER_PATHS = NO;
				CLANG_ANALYZER_NONNULL = YES;
				CLANG_ANALYZER_NUMBER_OBJECT_CONVERSION = YES_AGGRESSIVE;
				CLANG_CXX_LANGUAGE_STANDARD = "gnu++14";
				CLANG_CXX_LIBRARY = "libc++";
				CLANG_ENABLE_MODULES = YES;
				CLANG_ENABLE_OBJC_ARC = YES;
				CLANG_ENABLE_OBJC_WEAK = YES;
				CLANG_WARN_BLOCK_CAPTURE_AUTORELEASING = YES;
				CLANG_WARN_BOOL_CONVERSION = YES;
				CLANG_WARN_COMMA = YES;
				CLANG_WARN_CONSTANT_CONVERSION = YES;
				CLANG_WARN_DEPRECATED_OBJC_IMPLEMENTATIONS = YES;
				CLANG_WARN_DIRECT_OBJC_ISA_USAGE = YES_ERROR;
				CLANG_WARN_DOCUMENTATION_COMMENTS = YES;
				CLANG_WARN_EMPTY_BODY = YES;
				CLANG_WARN_ENUM_CONVERSION = YES;
				CLANG_WARN_INFINITE_RECURSION = YES;
				CLANG_WARN_INT_CONVERSION = YES;
				CLANG_WARN_NON_LITERAL_NULL_CONVERSION = YES;
				CLANG_WARN_OBJC_IMPLICIT_RETAIN_SELF = YES;
				CLANG_WARN_OBJC_LITERAL_CONVERSION = YES;
				CLANG_WARN_OBJC_ROOT_CLASS = YES_ERROR;
				CLANG_WARN_RANGE_LOOP_ANALYSIS = YES;
				CLANG_WARN_STRICT_PROTOTYPES = YES;
				CLANG_WARN_SUSPICIOUS_MOVE = YES;
				CLANG_WARN_UNGUARDED_AVAILABILITY = YES_AGGRESSIVE;
				CLANG_WARN_UNREACHABLE_CODE = YES;
				CLANG_WARN__DUPLICATE_METHOD_MATCH = YES;
				CODE_SIGN_IDENTITY = "-";
				COPY_PHASE_STRIP = NO;
				DEBUG_INFORMATION_FORMAT = "dwarf-with-dsym";
				ENABLE_NS_ASSERTIONS = NO;
				ENABLE_STRICT_OBJC_MSGSEND = YES;
				GCC_C_LANGUAGE_STANDARD = gnu11;
				GCC_NO_COMMON_BLOCKS = YES;
				GCC_WARN_64_TO_32_BIT_CONVERSION = YES;
				GCC_WARN_ABOUT_RETURN_TYPE = YES_ERROR;
				GCC_WARN_UNDECLARED_SELECTOR = YES;
				GCC_WARN_UNINITIALIZED_AUTOS = YES_AGGRESSIVE;
				GCC_WARN_UNUSED_FUNCTION = YES;
				GCC_WARN_UNUSED_VARIABLE = YES;
				MACOSX_DEPLOYMENT_TARGET = 10.13;
				MTL_ENABLE_DEBUG_INFO = NO;
				SDKROOT = macosx;
				SWIFT_COMPILATION_MODE = wholemodule;
				SWIFT_OPTIMIZATION_LEVEL = "-O";
			};
			name = Release;
		};
		070EF00C2143A5F600B6945E /* Debug */ = {
			isa = XCBuildConfiguration;
			buildSettings = {
				CODE_SIGN_STYLE = Automatic;
				PRODUCT_NAME = "$(TARGET_NAME)";
				SWIFT_VERSION = 4.0;
			};
			name = Debug;
		};
		070EF00D2143A5F600B6945E /* Release */ = {
			isa = XCBuildConfiguration;
			buildSettings = {
				CODE_SIGN_STYLE = Automatic;
				PRODUCT_NAME = "$(TARGET_NAME)";
				SWIFT_VERSION = 4.0;
			};
			name = Release;
		};
/* End XCBuildConfiguration section */

/* Begin XCConfigurationList section */
		070EEFFF2143A5F600B6945E /* Build configuration list for PBXProject "swift_assigment_01" */ = {
			isa = XCConfigurationList;
			buildConfigurations = (
				070EF0092143A5F600B6945E /* Debug */,
				070EF00A2143A5F600B6945E /* Release */,
			);
			defaultConfigurationIsVisible = 0;
			defaultConfigurationName = Release;
		};
		070EF00B2143A5F600B6945E /* Build configuration list for PBXNativeTarget "swift_assigment_01" */ = {
			isa = XCConfigurationList;
			buildConfigurations = (
				070EF00C2143A5F600B6945E /* Debug */,
				070EF00D2143A5F600B6945E /* Release */,
			);
			defaultConfigurationIsVisible = 0;
			defaultConfigurationName = Release;
		};
/* End XCConfigurationList section */
	};
	rootObject = 070EEFFC2143A5F600B6945E /* Project object */;
}
